# This is a Gradle generated file for dependency locking.
# Manual edits can break the build and are not advised.
# This file is expected to be part of source control.
com.fasterxml.jackson.core:jackson-annotations:2.13.0=classpath
com.fasterxml.jackson.core:jackson-core:2.13.0=classpath
com.fasterxml.jackson.core:jackson-databind:2.13.0=classpath
com.fasterxml.jackson.module:jackson-module-parameter-names:2.13.0=classpath
com.fasterxml.jackson:jackson-bom:2.13.0=classpath
com.google.code.findbugs:jsr305:3.0.2=classpath
com.googlecode.javaewah:JavaEWAH:1.1.7=classpath
com.jcraft:jsch:0.1.55=classpath
com.jcraft:jzlib:1.1.1=classpath
commons-codec:commons-codec:1.11=classpath
io.spring.dependency-management:io.spring.dependency-management.gradle.plugin:1.0.11.RELEASE=classpath
io.spring.gradle:dependency-management-plugin:1.0.11.RELEASE=classpath
name.remal.gradle-plugins.test-source-sets:test-source-sets:2.2.0=classpath
name.remal.sonarlint:name.remal.sonarlint.gradle.plugin:1.5.0=classpath
name.remal.tools:common:1.26.147=classpath
name.remal:gradle-plugins-api:1.5.0=classpath
name.remal:gradle-plugins-kotlin-dsl:1.5.0=classpath
name.remal:gradle-plugins:1.5.0=classpath
net.java.dev.jna:jna-platform:5.7.0=classpath
net.java.dev.jna:jna:5.7.0=classpath
org.antlr:antlr4-runtime:4.7.2=classpath
org.apache.commons:commons-compress:1.21=classpath
org.apache.httpcomponents:httpclient:4.5.13=classpath
org.apache.httpcomponents:httpcore:4.4.13=classpath
org.eclipse.jgit:org.eclipse.jgit.ssh.jsch:5.12.0.202106070339-r=classpath
org.eclipse.jgit:org.eclipse.jgit:5.12.0.202106070339-r=classpath
org.jdom:jdom2:2.0.6=classpath
org.ow2.asm:asm-analysis:9.2=classpath
org.ow2.asm:asm-commons:9.2=classpath
org.ow2.asm:asm-tree:9.2=classpath
org.ow2.asm:asm-util:9.2=classpath
org.ow2.asm:asm:9.2=classpath
org.springframework.boot:org.springframework.boot.gradle.plugin:2.6.1=classpath
org.springframework.boot:spring-boot-buildpack-platform:2.6.1=classpath
org.springframework.boot:spring-boot-gradle-plugin:2.6.1=classpath
org.springframework.boot:spring-boot-loader-tools:2.6.1=classpath
org.springframework:spring-core:5.3.13=classpath
org.springframework:spring-jcl:5.3.13=classpath
org.tomlj:tomlj:1.0.0=classpath
empty=
